
Microsoft Visual Studio Solution File, Format Version 12.00
# Visual Studio Version 17
VisualStudioVersion = 17.0.31903.59
MinimumVisualStudioVersion = 10.0.40219.1
Project("{2150E333-8FDC-42A3-9474-1A3956D46DE8}") = "Test", "Test", "{663FB6A2-9AF2-45EF-B208-B4505D10898C}"
EndProject
Project("{9A19103F-16F7-4668-BE54-9A1E7A4F7556}") = "ShopManagement.Xunit", "Test\ShopManagement.Xunit\ShopManagement.Xunit.csproj", "{3344560C-F5D8-43EA-93A1-35052B018EAA}"
EndProject
Project("{2150E333-8FDC-42A3-9474-1A3956D46DE8}") = "Src", "Src", "{81C7C23E-C7C5-4F31-899C-AE2E6610910F}"
EndProject
Project("{2150E333-8FDC-42A3-9474-1A3956D46DE8}") = "Base", "Base", "{164FE9F8-B5DE-42F6-A1A6-F63481FB58DB}"
EndProject
Project("{9A19103F-16F7-4668-BE54-9A1E7A4F7556}") = "Base.AspCoreUtility", "Src\Base\Base.AspCoreUtility\Base.AspCoreUtility.csproj", "{FA4710E3-36B4-4CB9-9DEE-01295E804FE9}"
EndProject
Project("{9A19103F-16F7-4668-BE54-9A1E7A4F7556}") = "Base.Core", "Src\Base\Base.Core\Base.Core.csproj", "{29B890EA-C755-4265-B854-9962BF06A23D}"
EndProject
Project("{9A19103F-16F7-4668-BE54-9A1E7A4F7556}") = "Base.Infrastructure", "Src\Base\Base.Infrastructure\Base.Infrastructure.csproj", "{C7CBBC32-6C34-480E-B540-C07941AA5DE9}"
EndProject
Project("{9A19103F-16F7-4668-BE54-9A1E7A4F7556}") = "Base.Resourses", "Src\Base\Base.Resourses\Base.Resourses.csproj", "{870D3DCD-83B0-4251-B070-C1C1C0EFDDA7}"
EndProject
Project("{9A19103F-16F7-4668-BE54-9A1E7A4F7556}") = "Base.Shared", "Src\Base\Base.Shared\Base.Shared.csproj", "{F2E2C307-5AD9-4C47-8A17-005EE3042ADD}"
EndProject
Project("{2150E333-8FDC-42A3-9474-1A3956D46DE8}") = "ShopManagement", "ShopManagement", "{74C01483-B398-4D81-BBBA-1BFAB5D8F9E2}"
EndProject
Project("{2150E333-8FDC-42A3-9474-1A3956D46DE8}") = "Core", "Core", "{E740B458-623A-41D0-9072-4FFB488B2B4F}"
EndProject
Project("{9A19103F-16F7-4668-BE54-9A1E7A4F7556}") = "ShopManagement.Core", "Src\ShopManagement\Core\ShopManagement.Core\ShopManagement.Core.csproj", "{E070EDEB-A2BF-4997-8942-ED19238CA43D}"
EndProject
Project("{2150E333-8FDC-42A3-9474-1A3956D46DE8}") = "Infrastructure", "Infrastructure", "{DE560618-B50A-472D-ADAD-4C44D0D9484F}"
EndProject
Project("{9A19103F-16F7-4668-BE54-9A1E7A4F7556}") = "ShopManagement.Infrastructure", "Src\ShopManagement\Infrastructure\ShopManagement.Infrastructure\ShopManagement.Infrastructure.csproj", "{FB47EF1B-D775-4AC7-9BF1-E85662F10DE4}"
EndProject
Project("{2150E333-8FDC-42A3-9474-1A3956D46DE8}") = "Web", "Web", "{5C494267-9482-492D-9D2C-60CADE532943}"
EndProject
Project("{9A19103F-16F7-4668-BE54-9A1E7A4F7556}") = "ServiceHost", "Src\Web\ServiceHost\ServiceHost.csproj", "{EB0FCF41-11CA-4FAA-AFE1-4A89B9D8A92A}"
EndProject
Global
	GlobalSection(SolutionConfigurationPlatforms) = preSolution
		Debug|Any CPU = Debug|Any CPU
		Release|Any CPU = Release|Any CPU
	EndGlobalSection
	GlobalSection(ProjectConfigurationPlatforms) = postSolution
		{3344560C-F5D8-43EA-93A1-35052B018EAA}.Debug|Any CPU.ActiveCfg = Debug|Any CPU
		{3344560C-F5D8-43EA-93A1-35052B018EAA}.Debug|Any CPU.Build.0 = Debug|Any CPU
		{3344560C-F5D8-43EA-93A1-35052B018EAA}.Release|Any CPU.ActiveCfg = Release|Any CPU
		{3344560C-F5D8-43EA-93A1-35052B018EAA}.Release|Any CPU.Build.0 = Release|Any CPU
		{FA4710E3-36B4-4CB9-9DEE-01295E804FE9}.Debug|Any CPU.ActiveCfg = Debug|Any CPU
		{FA4710E3-36B4-4CB9-9DEE-01295E804FE9}.Debug|Any CPU.Build.0 = Debug|Any CPU
		{FA4710E3-36B4-4CB9-9DEE-01295E804FE9}.Release|Any CPU.ActiveCfg = Release|Any CPU
		{FA4710E3-36B4-4CB9-9DEE-01295E804FE9}.Release|Any CPU.Build.0 = Release|Any CPU
		{29B890EA-C755-4265-B854-9962BF06A23D}.Debug|Any CPU.ActiveCfg = Debug|Any CPU
		{29B890EA-C755-4265-B854-9962BF06A23D}.Debug|Any CPU.Build.0 = Debug|Any CPU
		{29B890EA-C755-4265-B854-9962BF06A23D}.Release|Any CPU.ActiveCfg = Release|Any CPU
		{29B890EA-C755-4265-B854-9962BF06A23D}.Release|Any CPU.Build.0 = Release|Any CPU
		{C7CBBC32-6C34-480E-B540-C07941AA5DE9}.Debug|Any CPU.ActiveCfg = Debug|Any CPU
		{C7CBBC32-6C34-480E-B540-C07941AA5DE9}.Debug|Any CPU.Build.0 = Debug|Any CPU
		{C7CBBC32-6C34-480E-B540-C07941AA5DE9}.Release|Any CPU.ActiveCfg = Release|Any CPU
		{C7CBBC32-6C34-480E-B540-C07941AA5DE9}.Release|Any CPU.Build.0 = Release|Any CPU
		{870D3DCD-83B0-4251-B070-C1C1C0EFDDA7}.Debug|Any CPU.ActiveCfg = Debug|Any CPU
		{870D3DCD-83B0-4251-B070-C1C1C0EFDDA7}.Debug|Any CPU.Build.0 = Debug|Any CPU
		{870D3DCD-83B0-4251-B070-C1C1C0EFDDA7}.Release|Any CPU.ActiveCfg = Release|Any CPU
		{870D3DCD-83B0-4251-B070-C1C1C0EFDDA7}.Release|Any CPU.Build.0 = Release|Any CPU
		{F2E2C307-5AD9-4C47-8A17-005EE3042ADD}.Debug|Any CPU.ActiveCfg = Debug|Any CPU
		{F2E2C307-5AD9-4C47-8A17-005EE3042ADD}.Debug|Any CPU.Build.0 = Debug|Any CPU
		{F2E2C307-5AD9-4C47-8A17-005EE3042ADD}.Release|Any CPU.ActiveCfg = Release|Any CPU
		{F2E2C307-5AD9-4C47-8A17-005EE3042ADD}.Release|Any CPU.Build.0 = Release|Any CPU
		{E070EDEB-A2BF-4997-8942-ED19238CA43D}.Debug|Any CPU.ActiveCfg = Debug|Any CPU
		{E070EDEB-A2BF-4997-8942-ED19238CA43D}.Debug|Any CPU.Build.0 = Debug|Any CPU
		{E070EDEB-A2BF-4997-8942-ED19238CA43D}.Release|Any CPU.ActiveCfg = Release|Any CPU
		{E070EDEB-A2BF-4997-8942-ED19238CA43D}.Release|Any CPU.Build.0 = Release|Any CPU
		{FB47EF1B-D775-4AC7-9BF1-E85662F10DE4}.Debug|Any CPU.ActiveCfg = Debug|Any CPU
		{FB47EF1B-D775-4AC7-9BF1-E85662F10DE4}.Debug|Any CPU.Build.0 = Debug|Any CPU
		{FB47EF1B-D775-4AC7-9BF1-E85662F10DE4}.Release|Any CPU.ActiveCfg = Release|Any CPU
		{FB47EF1B-D775-4AC7-9BF1-E85662F10DE4}.Release|Any CPU.Build.0 = Release|Any CPU
		{EB0FCF41-11CA-4FAA-AFE1-4A89B9D8A92A}.Debug|Any CPU.ActiveCfg = Debug|Any CPU
		{EB0FCF41-11CA-4FAA-AFE1-4A89B9D8A92A}.Debug|Any CPU.Build.0 = Debug|Any CPU
		{EB0FCF41-11CA-4FAA-AFE1-4A89B9D8A92A}.Release|Any CPU.ActiveCfg = Release|Any CPU
		{EB0FCF41-11CA-4FAA-AFE1-4A89B9D8A92A}.Release|Any CPU.Build.0 = Release|Any CPU
	EndGlobalSection
	GlobalSection(SolutionProperties) = preSolution
		HideSolutionNode = FALSE
	EndGlobalSection
	GlobalSection(NestedProjects) = preSolution
		{3344560C-F5D8-43EA-93A1-35052B018EAA} = {663FB6A2-9AF2-45EF-B208-B4505D10898C}
		{164FE9F8-B5DE-42F6-A1A6-F63481FB58DB} = {81C7C23E-C7C5-4F31-899C-AE2E6610910F}
		{FA4710E3-36B4-4CB9-9DEE-01295E804FE9} = {164FE9F8-B5DE-42F6-A1A6-F63481FB58DB}
		{29B890EA-C755-4265-B854-9962BF06A23D} = {164FE9F8-B5DE-42F6-A1A6-F63481FB58DB}
		{C7CBBC32-6C34-480E-B540-C07941AA5DE9} = {164FE9F8-B5DE-42F6-A1A6-F63481FB58DB}
		{870D3DCD-83B0-4251-B070-C1C1C0EFDDA7} = {164FE9F8-B5DE-42F6-A1A6-F63481FB58DB}
		{F2E2C307-5AD9-4C47-8A17-005EE3042ADD} = {164FE9F8-B5DE-42F6-A1A6-F63481FB58DB}
		{74C01483-B398-4D81-BBBA-1BFAB5D8F9E2} = {81C7C23E-C7C5-4F31-899C-AE2E6610910F}
		{E740B458-623A-41D0-9072-4FFB488B2B4F} = {74C01483-B398-4D81-BBBA-1BFAB5D8F9E2}
		{E070EDEB-A2BF-4997-8942-ED19238CA43D} = {E740B458-623A-41D0-9072-4FFB488B2B4F}
		{DE560618-B50A-472D-ADAD-4C44D0D9484F} = {74C01483-B398-4D81-BBBA-1BFAB5D8F9E2}
		{FB47EF1B-D775-4AC7-9BF1-E85662F10DE4} = {DE560618-B50A-472D-ADAD-4C44D0D9484F}
		{5C494267-9482-492D-9D2C-60CADE532943} = {81C7C23E-C7C5-4F31-899C-AE2E6610910F}
		{EB0FCF41-11CA-4FAA-AFE1-4A89B9D8A92A} = {5C494267-9482-492D-9D2C-60CADE532943}
	EndGlobalSection
	GlobalSection(ExtensibilityGlobals) = postSolution
		SolutionGuid = {3DAA030F-5434-497D-8C87-E6211C3CAD02}
	EndGlobalSection
EndGlobal
